{
  "requires": true,
  "lockfileVersion": 1,
  "dependencies": {
    "lodash.assign": {
      "version": "4.2.0",
      "resolved": "https://registry.npmjs.org/lodash.assign/-/lodash.assign-4.2.0.tgz",
      "integrity": "sha1-DZnzzNem0mHRm9rrkkUAXShYCOc="
    },
    "markdown-it-anchor": {
      "version": "5.0.2",
      "resolved": "https://registry.npmjs.org/markdown-it-anchor/-/markdown-it-anchor-5.0.2.tgz",
      "integrity": "sha512-AFM/woBI8QDJMS/9+MmsBMT5/AR+ImfOsunQZTZhzcTmna3rIzAzbOh5E0l6mlFM/i9666BpUtkqQ9bS7WApCg=="
    },
    "markdown-it-table-of-contents": {
      "version": "0.3.6",
      "resolved": "https://registry.npmjs.org/markdown-it-table-of-contents/-/markdown-it-table-of-contents-0.3.6.tgz",
      "integrity": "sha512-zeG6PxwQ4iPx3ujpZck3lVwzqvm1+b45RQW4gawHXR6T9kTUF3zT16IoBvMAdpiReZpg5tbNkhMxU841ocbfgg==",
      "requires": {
        "lodash.assign": "~4.2.0",
        "string": "~3.3.3"
      }
    },
    "string": {
      "version": "3.3.3",
      "resolved": "https://registry.npmjs.org/string/-/string-3.3.3.tgz",
      "integrity": "sha1-XqIRzZLSKOGEKUmQpsyXs2anfLA="
    }
  }
}
